
Microsoft Visual Studio Solution File, Format Version 12.00
# Visual Studio Version 16
VisualStudioVersion = 16.0.31624.102
MinimumVisualStudioVersion = 10.0.40219.1
Project("{8BC9CEB8-8B4A-11D0-8D11-00A0C91BC942}") = "Laboratorna 2.1", "Laboratorna 2.1.vcxproj", "{AF9BA133-B666-43F5-9689-759C5CEC3940}"
EndProject
Global
	GlobalSection(SolutionConfigurationPlatforms) = preSolution
		Debug|x64 = Debug|x64
		Debug|x86 = Debug|x86
		Release|x64 = Release|x64
		Release|x86 = Release|x86
	EndGlobalSection
	GlobalSection(ProjectConfigurationPlatforms) = postSolution
		{AF9BA133-B666-43F5-9689-759C5CEC3940}.Debug|x64.ActiveCfg = Debug|x64
		{AF9BA133-B666-43F5-9689-759C5CEC3940}.Debug|x64.Build.0 = Debug|x64
		{AF9BA133-B666-43F5-9689-759C5CEC3940}.Debug|x86.ActiveCfg = Debug|Win32
		{AF9BA133-B666-43F5-9689-759C5CEC3940}.Debug|x86.Build.0 = Debug|Win32
		{AF9BA133-B666-43F5-9689-759C5CEC3940}.Release|x64.ActiveCfg = Release|x64
		{AF9BA133-B666-43F5-9689-759C5CEC3940}.Release|x64.Build.0 = Release|x64
		{AF9BA133-B666-43F5-9689-759C5CEC3940}.Release|x86.ActiveCfg = Release|Win32
		{AF9BA133-B666-43F5-9689-759C5CEC3940}.Release|x86.Build.0 = Release|Win32
	EndGlobalSection
	GlobalSection(SolutionProperties) = preSolution
		HideSolutionNode = FALSE
	EndGlobalSection
	GlobalSection(ExtensibilityGlobals) = postSolution
		SolutionGuid = {107302C8-344B-4388-B93F-A2A96DC1EF54}
	EndGlobalSection
EndGlobal
